
Microsoft Visual Studio Solution File, Format Version 12.00
# Visual Studio Version 16
VisualStudioVersion = 16.0.30011.22
MinimumVisualStudioVersion = 10.0.40219.1
Project("{FAE04EC0-301F-11D3-BF4B-00C04F79EFBC}") = "MVCAJAX", "MVCAJAX\MVCAJAX.csproj", "{72B9DF9B-0EA4-4AE3-90DD-2999C47F1F0A}"
EndProject
Project("{FAE04EC0-301F-11D3-BF4B-00C04F79EFBC}") = "DOMAIN", "DOMAIN\DOMAIN.csproj", "{70D25E09-51ED-424C-AF16-5102183E24CA}"
EndProject
Project("{FAE04EC0-301F-11D3-BF4B-00C04F79EFBC}") = "INFRAESTRUCTURE", "INFRAESTRUCTURE\INFRAESTRUCTURE.csproj", "{59140BCC-23A2-469C-9453-BBFDD63FB0C5}"
EndProject
Project("{FAE04EC0-301F-11D3-BF4B-00C04F79EFBC}") = "SERVICE", "SERVICE\SERVICE.csproj", "{428AA4A4-11E1-41F5-9E7D-06531D302BDC}"
EndProject
Global
	GlobalSection(SolutionConfigurationPlatforms) = preSolution
		Debug|Any CPU = Debug|Any CPU
		Release|Any CPU = Release|Any CPU
	EndGlobalSection
	GlobalSection(ProjectConfigurationPlatforms) = postSolution
		{72B9DF9B-0EA4-4AE3-90DD-2999C47F1F0A}.Debug|Any CPU.ActiveCfg = Debug|Any CPU
		{72B9DF9B-0EA4-4AE3-90DD-2999C47F1F0A}.Debug|Any CPU.Build.0 = Debug|Any CPU
		{72B9DF9B-0EA4-4AE3-90DD-2999C47F1F0A}.Release|Any CPU.ActiveCfg = Release|Any CPU
		{72B9DF9B-0EA4-4AE3-90DD-2999C47F1F0A}.Release|Any CPU.Build.0 = Release|Any CPU
		{70D25E09-51ED-424C-AF16-5102183E24CA}.Debug|Any CPU.ActiveCfg = Debug|Any CPU
		{70D25E09-51ED-424C-AF16-5102183E24CA}.Debug|Any CPU.Build.0 = Debug|Any CPU
		{70D25E09-51ED-424C-AF16-5102183E24CA}.Release|Any CPU.ActiveCfg = Release|Any CPU
		{70D25E09-51ED-424C-AF16-5102183E24CA}.Release|Any CPU.Build.0 = Release|Any CPU
		{59140BCC-23A2-469C-9453-BBFDD63FB0C5}.Debug|Any CPU.ActiveCfg = Debug|Any CPU
		{59140BCC-23A2-469C-9453-BBFDD63FB0C5}.Debug|Any CPU.Build.0 = Debug|Any CPU
		{59140BCC-23A2-469C-9453-BBFDD63FB0C5}.Release|Any CPU.ActiveCfg = Release|Any CPU
		{59140BCC-23A2-469C-9453-BBFDD63FB0C5}.Release|Any CPU.Build.0 = Release|Any CPU
		{428AA4A4-11E1-41F5-9E7D-06531D302BDC}.Debug|Any CPU.ActiveCfg = Debug|Any CPU
		{428AA4A4-11E1-41F5-9E7D-06531D302BDC}.Debug|Any CPU.Build.0 = Debug|Any CPU
		{428AA4A4-11E1-41F5-9E7D-06531D302BDC}.Release|Any CPU.ActiveCfg = Release|Any CPU
		{428AA4A4-11E1-41F5-9E7D-06531D302BDC}.Release|Any CPU.Build.0 = Release|Any CPU
	EndGlobalSection
	GlobalSection(SolutionProperties) = preSolution
		HideSolutionNode = FALSE
	EndGlobalSection
	GlobalSection(ExtensibilityGlobals) = postSolution
		SolutionGuid = {A107BDDF-E470-4514-9EFC-F4984106815F}
	EndGlobalSection
EndGlobal
